
Microsoft Visual Studio Solution File, Format Version 12.00
# Visual Studio Version 16
VisualStudioVersion = 16.0.30413.136
MinimumVisualStudioVersion = 10.0.40219.1
Project("{9A19103F-16F7-4668-BE54-9A1E7A4F7556}") = "EmployeeDepartmentSystem", "EmployeeDepartmentSystem\EmployeeDepartmentSystem.csproj", "{000CC33F-D7D1-4FB9-9D8F-E1FE4377C717}"
EndProject
Project("{FAE04EC0-301F-11D3-BF4B-00C04F79EFBC}") = "Bll.Core", "Bll.Core\Bll.Core.csproj", "{7BCBE40B-6E4E-452E-AB2C-5AC68025EC99}"
EndProject
Project("{FAE04EC0-301F-11D3-BF4B-00C04F79EFBC}") = "Dal.Core", "Dal.Core\Dal.Core.csproj", "{B273929E-C537-4DD6-99BA-7C657CE1AB53}"
EndProject
Global
	GlobalSection(SolutionConfigurationPlatforms) = preSolution
		Debug|Any CPU = Debug|Any CPU
		Release|Any CPU = Release|Any CPU
	EndGlobalSection
	GlobalSection(ProjectConfigurationPlatforms) = postSolution
		{000CC33F-D7D1-4FB9-9D8F-E1FE4377C717}.Debug|Any CPU.ActiveCfg = Debug|Any CPU
		{000CC33F-D7D1-4FB9-9D8F-E1FE4377C717}.Debug|Any CPU.Build.0 = Debug|Any CPU
		{000CC33F-D7D1-4FB9-9D8F-E1FE4377C717}.Release|Any CPU.ActiveCfg = Release|Any CPU
		{000CC33F-D7D1-4FB9-9D8F-E1FE4377C717}.Release|Any CPU.Build.0 = Release|Any CPU
		{7BCBE40B-6E4E-452E-AB2C-5AC68025EC99}.Debug|Any CPU.ActiveCfg = Debug|Any CPU
		{7BCBE40B-6E4E-452E-AB2C-5AC68025EC99}.Debug|Any CPU.Build.0 = Debug|Any CPU
		{7BCBE40B-6E4E-452E-AB2C-5AC68025EC99}.Release|Any CPU.ActiveCfg = Release|Any CPU
		{7BCBE40B-6E4E-452E-AB2C-5AC68025EC99}.Release|Any CPU.Build.0 = Release|Any CPU
		{B273929E-C537-4DD6-99BA-7C657CE1AB53}.Debug|Any CPU.ActiveCfg = Debug|Any CPU
		{B273929E-C537-4DD6-99BA-7C657CE1AB53}.Debug|Any CPU.Build.0 = Debug|Any CPU
		{B273929E-C537-4DD6-99BA-7C657CE1AB53}.Release|Any CPU.ActiveCfg = Release|Any CPU
		{B273929E-C537-4DD6-99BA-7C657CE1AB53}.Release|Any CPU.Build.0 = Release|Any CPU
	EndGlobalSection
	GlobalSection(SolutionProperties) = preSolution
		HideSolutionNode = FALSE
	EndGlobalSection
	GlobalSection(ExtensibilityGlobals) = postSolution
		SolutionGuid = {8E183960-9250-43A9-A620-B3481062D139}
	EndGlobalSection
EndGlobal
